
Microsoft Visual Studio Solution File, Format Version 12.00
# Visual Studio Version 17
VisualStudioVersion = 17.10.34916.146
MinimumVisualStudioVersion = 10.0.40219.1
Project("{2150E333-8FDC-42A3-9474-1A3956D46DE8}") = "src", "src", "{33B05EF8-2BA6-4936-BAD6-FB92FC243724}"
EndProject
Project("{2150E333-8FDC-42A3-9474-1A3956D46DE8}") = "tests", "tests", "{B8037692-9DF9-43AD-8ECF-AE6CE3B0D97C}"
EndProject
Project("{FAE04EC0-301F-11D3-BF4B-00C04F79EFBC}") = "BlogModule.API", "BlogModule.API\BlogModule.API.csproj", "{35B4A98C-80DF-4C5C-8D93-5F147D135A55}"
EndProject
Project("{FAE04EC0-301F-11D3-BF4B-00C04F79EFBC}") = "Identity.API", "Identity.API\Identity.API.csproj", "{2776DF18-6183-4F74-9FE3-2CF37EE56F62}"
EndProject
Project("{2150E333-8FDC-42A3-9474-1A3956D46DE8}") = "BlogModule", "BlogModule", "{070BA16A-1752-4F98-AB5B-B158267F1D57}"
EndProject
Project("{2150E333-8FDC-42A3-9474-1A3956D46DE8}") = "IdentityModule", "IdentityModule", "{1D6B73A1-A404-4AE0-BAF2-3E0ADD7EDB82}"
EndProject
Project("{2150E333-8FDC-42A3-9474-1A3956D46DE8}") = "RentalModule", "RentalModule", "{57726155-E2C2-4709-BF46-8E19A56CDE85}"
EndProject
Project("{2150E333-8FDC-42A3-9474-1A3956D46DE8}") = "Shared", "Shared", "{AF1A49A1-95AB-410B-93E7-3A26FBA456B8}"
EndProject
Project("{FAE04EC0-301F-11D3-BF4B-00C04F79EFBC}") = "Shared.CQRS", "Shared.CQRS\Shared.CQRS.csproj", "{33839AD4-E545-4900-8FE4-617C950A16F0}"
EndProject
Project("{FAE04EC0-301F-11D3-BF4B-00C04F79EFBC}") = "Shared.Utilities", "Shared.Utilities\Shared.Utilities.csproj", "{0349887C-7BD8-436F-9E2A-42F5F18EC4AB}"
EndProject
Project("{FAE04EC0-301F-11D3-BF4B-00C04F79EFBC}") = "Shared.Behaviors", "Shared.Behaviors\Shared.Behaviors.csproj", "{38D23153-0F7C-499D-8A8F-1CF66518C468}"
EndProject
Project("{FAE04EC0-301F-11D3-BF4B-00C04F79EFBC}") = "Shared.UnitOfWork", "Shared.UnitOfWork\Shared.UnitOfWork.csproj", "{1DB0126A-ACCC-4858-8EF7-1E138917110F}"
EndProject
Project("{FAE04EC0-301F-11D3-BF4B-00C04F79EFBC}") = "Shared.Results", "Shared.Results\Shared.Results.csproj", "{F9CF2E87-0D13-4D7F-8FD3-A99C6EE62613}"
EndProject
Project("{FAE04EC0-301F-11D3-BF4B-00C04F79EFBC}") = "BlogModule.Application", "BlogModule.Application\BlogModule.Application.csproj", "{E40FA72D-0C89-4B9D-834D-A37DBE95645C}"
EndProject
Project("{FAE04EC0-301F-11D3-BF4B-00C04F79EFBC}") = "BlogModule.Application.Contract", "BlogModule.Application.Contract\BlogModule.Application.Contract.csproj", "{06E1BCD5-28BD-43F1-A45E-6719090C5164}"
EndProject
Project("{FAE04EC0-301F-11D3-BF4B-00C04F79EFBC}") = "BlogModule.Domain", "BlogModule.Domain\BlogModule.Domain.csproj", "{3EB07161-4F91-4592-9361-65BC23594155}"
EndProject
Project("{FAE04EC0-301F-11D3-BF4B-00C04F79EFBC}") = "BlogModule.Infrastructure", "BlogModule.Infrastructure\BlogModule.Infrastructure.csproj", "{4C38896E-ACB0-4AA7-B2E1-8D1F415BEEC0}"
EndProject
Project("{FAE04EC0-301F-11D3-BF4B-00C04F79EFBC}") = "BlogModule.Infrastructure.FakeSeed", "BlogModule.Infrastructure.FakeSeed\BlogModule.Infrastructure.FakeSeed.csproj", "{61F48141-8BBE-49D7-9CC7-ED1B8ABC770C}"
EndProject
Project("{FAE04EC0-301F-11D3-BF4B-00C04F79EFBC}") = "RentalModule.API", "RentalModule.API\RentalModule.API.csproj", "{7C9D45FE-2014-4C07-AF38-31E9694B107D}"
EndProject
Project("{FAE04EC0-301F-11D3-BF4B-00C04F79EFBC}") = "RentalModule.Application", "RentalModule.Application\RentalModule.Application.csproj", "{CA59EE1B-8BFD-41F0-A3E4-7208C8DE6BE0}"
EndProject
Project("{FAE04EC0-301F-11D3-BF4B-00C04F79EFBC}") = "RentalModule.Application.Contract", "RentalModule.Application.Contract\RentalModule.Application.Contract.csproj", "{917006B1-53E8-4906-8A50-601BE674FD9F}"
EndProject
Project("{FAE04EC0-301F-11D3-BF4B-00C04F79EFBC}") = "RentalModule.Domain", "RentalModule.Domain\RentalModule.Domain.csproj", "{9660623E-91B4-470C-B09E-21D838A0CF31}"
EndProject
Project("{FAE04EC0-301F-11D3-BF4B-00C04F79EFBC}") = "RentalModule.Infrastructure", "RentalModule.Infrastructure\RentalModule.Infrastructure.csproj", "{678CC758-C47F-4968-BDAD-35690926CF8B}"
EndProject
Project("{FAE04EC0-301F-11D3-BF4B-00C04F79EFBC}") = "RentalModule.Infrastructure.FakeSeed", "RentalModule.Infrastructure.FakeSeed\RentalModule.Infrastructure.FakeSeed.csproj", "{9600E7E9-7BA9-4C69-AE81-1FCE13F3CC06}"
EndProject
Project("{FAE04EC0-301F-11D3-BF4B-00C04F79EFBC}") = "BlogModule", "BlogModule\BlogModule.csproj", "{E16C6BBE-7872-40D7-ADFD-353550506FFB}"
	ProjectSection(ProjectDependencies) = postProject
		{7C9D45FE-2014-4C07-AF38-31E9694B107D} = {7C9D45FE-2014-4C07-AF38-31E9694B107D}
	EndProjectSection
EndProject
Global
	GlobalSection(SolutionConfigurationPlatforms) = preSolution
		Debug|Any CPU = Debug|Any CPU
		Release|Any CPU = Release|Any CPU
	EndGlobalSection
	GlobalSection(ProjectConfigurationPlatforms) = postSolution
		{35B4A98C-80DF-4C5C-8D93-5F147D135A55}.Debug|Any CPU.ActiveCfg = Debug|Any CPU
		{35B4A98C-80DF-4C5C-8D93-5F147D135A55}.Debug|Any CPU.Build.0 = Debug|Any CPU
		{35B4A98C-80DF-4C5C-8D93-5F147D135A55}.Release|Any CPU.ActiveCfg = Release|Any CPU
		{35B4A98C-80DF-4C5C-8D93-5F147D135A55}.Release|Any CPU.Build.0 = Release|Any CPU
		{2776DF18-6183-4F74-9FE3-2CF37EE56F62}.Debug|Any CPU.ActiveCfg = Debug|Any CPU
		{2776DF18-6183-4F74-9FE3-2CF37EE56F62}.Debug|Any CPU.Build.0 = Debug|Any CPU
		{2776DF18-6183-4F74-9FE3-2CF37EE56F62}.Release|Any CPU.ActiveCfg = Release|Any CPU
		{2776DF18-6183-4F74-9FE3-2CF37EE56F62}.Release|Any CPU.Build.0 = Release|Any CPU
		{33839AD4-E545-4900-8FE4-617C950A16F0}.Debug|Any CPU.ActiveCfg = Debug|Any CPU
		{33839AD4-E545-4900-8FE4-617C950A16F0}.Debug|Any CPU.Build.0 = Debug|Any CPU
		{33839AD4-E545-4900-8FE4-617C950A16F0}.Release|Any CPU.ActiveCfg = Release|Any CPU
		{33839AD4-E545-4900-8FE4-617C950A16F0}.Release|Any CPU.Build.0 = Release|Any CPU
		{0349887C-7BD8-436F-9E2A-42F5F18EC4AB}.Debug|Any CPU.ActiveCfg = Debug|Any CPU
		{0349887C-7BD8-436F-9E2A-42F5F18EC4AB}.Debug|Any CPU.Build.0 = Debug|Any CPU
		{0349887C-7BD8-436F-9E2A-42F5F18EC4AB}.Release|Any CPU.ActiveCfg = Release|Any CPU
		{0349887C-7BD8-436F-9E2A-42F5F18EC4AB}.Release|Any CPU.Build.0 = Release|Any CPU
		{38D23153-0F7C-499D-8A8F-1CF66518C468}.Debug|Any CPU.ActiveCfg = Debug|Any CPU
		{38D23153-0F7C-499D-8A8F-1CF66518C468}.Debug|Any CPU.Build.0 = Debug|Any CPU
		{38D23153-0F7C-499D-8A8F-1CF66518C468}.Release|Any CPU.ActiveCfg = Release|Any CPU
		{38D23153-0F7C-499D-8A8F-1CF66518C468}.Release|Any CPU.Build.0 = Release|Any CPU
		{1DB0126A-ACCC-4858-8EF7-1E138917110F}.Debug|Any CPU.ActiveCfg = Debug|Any CPU
		{1DB0126A-ACCC-4858-8EF7-1E138917110F}.Debug|Any CPU.Build.0 = Debug|Any CPU
		{1DB0126A-ACCC-4858-8EF7-1E138917110F}.Release|Any CPU.ActiveCfg = Release|Any CPU
		{1DB0126A-ACCC-4858-8EF7-1E138917110F}.Release|Any CPU.Build.0 = Release|Any CPU
		{F9CF2E87-0D13-4D7F-8FD3-A99C6EE62613}.Debug|Any CPU.ActiveCfg = Debug|Any CPU
		{F9CF2E87-0D13-4D7F-8FD3-A99C6EE62613}.Debug|Any CPU.Build.0 = Debug|Any CPU
		{F9CF2E87-0D13-4D7F-8FD3-A99C6EE62613}.Release|Any CPU.ActiveCfg = Release|Any CPU
		{F9CF2E87-0D13-4D7F-8FD3-A99C6EE62613}.Release|Any CPU.Build.0 = Release|Any CPU
		{E40FA72D-0C89-4B9D-834D-A37DBE95645C}.Debug|Any CPU.ActiveCfg = Debug|Any CPU
		{E40FA72D-0C89-4B9D-834D-A37DBE95645C}.Debug|Any CPU.Build.0 = Debug|Any CPU
		{E40FA72D-0C89-4B9D-834D-A37DBE95645C}.Release|Any CPU.ActiveCfg = Release|Any CPU
		{E40FA72D-0C89-4B9D-834D-A37DBE95645C}.Release|Any CPU.Build.0 = Release|Any CPU
		{06E1BCD5-28BD-43F1-A45E-6719090C5164}.Debug|Any CPU.ActiveCfg = Debug|Any CPU
		{06E1BCD5-28BD-43F1-A45E-6719090C5164}.Debug|Any CPU.Build.0 = Debug|Any CPU
		{06E1BCD5-28BD-43F1-A45E-6719090C5164}.Release|Any CPU.ActiveCfg = Release|Any CPU
		{06E1BCD5-28BD-43F1-A45E-6719090C5164}.Release|Any CPU.Build.0 = Release|Any CPU
		{3EB07161-4F91-4592-9361-65BC23594155}.Debug|Any CPU.ActiveCfg = Debug|Any CPU
		{3EB07161-4F91-4592-9361-65BC23594155}.Debug|Any CPU.Build.0 = Debug|Any CPU
		{3EB07161-4F91-4592-9361-65BC23594155}.Release|Any CPU.ActiveCfg = Release|Any CPU
		{3EB07161-4F91-4592-9361-65BC23594155}.Release|Any CPU.Build.0 = Release|Any CPU
		{4C38896E-ACB0-4AA7-B2E1-8D1F415BEEC0}.Debug|Any CPU.ActiveCfg = Debug|Any CPU
		{4C38896E-ACB0-4AA7-B2E1-8D1F415BEEC0}.Debug|Any CPU.Build.0 = Debug|Any CPU
		{4C38896E-ACB0-4AA7-B2E1-8D1F415BEEC0}.Release|Any CPU.ActiveCfg = Release|Any CPU
		{4C38896E-ACB0-4AA7-B2E1-8D1F415BEEC0}.Release|Any CPU.Build.0 = Release|Any CPU
		{61F48141-8BBE-49D7-9CC7-ED1B8ABC770C}.Debug|Any CPU.ActiveCfg = Debug|Any CPU
		{61F48141-8BBE-49D7-9CC7-ED1B8ABC770C}.Debug|Any CPU.Build.0 = Debug|Any CPU
		{61F48141-8BBE-49D7-9CC7-ED1B8ABC770C}.Release|Any CPU.ActiveCfg = Release|Any CPU
		{61F48141-8BBE-49D7-9CC7-ED1B8ABC770C}.Release|Any CPU.Build.0 = Release|Any CPU
		{7C9D45FE-2014-4C07-AF38-31E9694B107D}.Debug|Any CPU.ActiveCfg = Debug|Any CPU
		{7C9D45FE-2014-4C07-AF38-31E9694B107D}.Debug|Any CPU.Build.0 = Debug|Any CPU
		{7C9D45FE-2014-4C07-AF38-31E9694B107D}.Release|Any CPU.ActiveCfg = Release|Any CPU
		{7C9D45FE-2014-4C07-AF38-31E9694B107D}.Release|Any CPU.Build.0 = Release|Any CPU
		{CA59EE1B-8BFD-41F0-A3E4-7208C8DE6BE0}.Debug|Any CPU.ActiveCfg = Debug|Any CPU
		{CA59EE1B-8BFD-41F0-A3E4-7208C8DE6BE0}.Debug|Any CPU.Build.0 = Debug|Any CPU
		{CA59EE1B-8BFD-41F0-A3E4-7208C8DE6BE0}.Release|Any CPU.ActiveCfg = Release|Any CPU
		{CA59EE1B-8BFD-41F0-A3E4-7208C8DE6BE0}.Release|Any CPU.Build.0 = Release|Any CPU
		{917006B1-53E8-4906-8A50-601BE674FD9F}.Debug|Any CPU.ActiveCfg = Debug|Any CPU
		{917006B1-53E8-4906-8A50-601BE674FD9F}.Debug|Any CPU.Build.0 = Debug|Any CPU
		{917006B1-53E8-4906-8A50-601BE674FD9F}.Release|Any CPU.ActiveCfg = Release|Any CPU
		{917006B1-53E8-4906-8A50-601BE674FD9F}.Release|Any CPU.Build.0 = Release|Any CPU
		{9660623E-91B4-470C-B09E-21D838A0CF31}.Debug|Any CPU.ActiveCfg = Debug|Any CPU
		{9660623E-91B4-470C-B09E-21D838A0CF31}.Debug|Any CPU.Build.0 = Debug|Any CPU
		{9660623E-91B4-470C-B09E-21D838A0CF31}.Release|Any CPU.ActiveCfg = Release|Any CPU
		{9660623E-91B4-470C-B09E-21D838A0CF31}.Release|Any CPU.Build.0 = Release|Any CPU
		{678CC758-C47F-4968-BDAD-35690926CF8B}.Debug|Any CPU.ActiveCfg = Debug|Any CPU
		{678CC758-C47F-4968-BDAD-35690926CF8B}.Debug|Any CPU.Build.0 = Debug|Any CPU
		{678CC758-C47F-4968-BDAD-35690926CF8B}.Release|Any CPU.ActiveCfg = Release|Any CPU
		{678CC758-C47F-4968-BDAD-35690926CF8B}.Release|Any CPU.Build.0 = Release|Any CPU
		{9600E7E9-7BA9-4C69-AE81-1FCE13F3CC06}.Debug|Any CPU.ActiveCfg = Debug|Any CPU
		{9600E7E9-7BA9-4C69-AE81-1FCE13F3CC06}.Debug|Any CPU.Build.0 = Debug|Any CPU
		{9600E7E9-7BA9-4C69-AE81-1FCE13F3CC06}.Release|Any CPU.ActiveCfg = Release|Any CPU
		{9600E7E9-7BA9-4C69-AE81-1FCE13F3CC06}.Release|Any CPU.Build.0 = Release|Any CPU
		{E16C6BBE-7872-40D7-ADFD-353550506FFB}.Debug|Any CPU.ActiveCfg = Debug|Any CPU
		{E16C6BBE-7872-40D7-ADFD-353550506FFB}.Debug|Any CPU.Build.0 = Debug|Any CPU
		{E16C6BBE-7872-40D7-ADFD-353550506FFB}.Release|Any CPU.ActiveCfg = Release|Any CPU
		{E16C6BBE-7872-40D7-ADFD-353550506FFB}.Release|Any CPU.Build.0 = Release|Any CPU
	EndGlobalSection
	GlobalSection(SolutionProperties) = preSolution
		HideSolutionNode = FALSE
	EndGlobalSection
	GlobalSection(ExtensibilityGlobals) = postSolution
		SolutionGuid = {0E3F9212-75C2-4668-878B-C1E74EA0DB99}
	EndGlobalSection
	GlobalSection(NestedProjects) = preSolution
		{070BA16A-1752-4F98-AB5B-B158267F1D57} = {33B05EF8-2BA6-4936-BAD6-FB92FC243724}
		{35B4A98C-80DF-4C5C-8D93-5F147D135A55} = {070BA16A-1752-4F98-AB5B-B158267F1D57}
		{1D6B73A1-A404-4AE0-BAF2-3E0ADD7EDB82} = {33B05EF8-2BA6-4936-BAD6-FB92FC243724}
		{2776DF18-6183-4F74-9FE3-2CF37EE56F62} = {1D6B73A1-A404-4AE0-BAF2-3E0ADD7EDB82}
		{57726155-E2C2-4709-BF46-8E19A56CDE85} = {33B05EF8-2BA6-4936-BAD6-FB92FC243724}
		{AF1A49A1-95AB-410B-93E7-3A26FBA456B8} = {33B05EF8-2BA6-4936-BAD6-FB92FC243724}
		{33839AD4-E545-4900-8FE4-617C950A16F0} = {AF1A49A1-95AB-410B-93E7-3A26FBA456B8}
		{0349887C-7BD8-436F-9E2A-42F5F18EC4AB} = {AF1A49A1-95AB-410B-93E7-3A26FBA456B8}
		{38D23153-0F7C-499D-8A8F-1CF66518C468} = {AF1A49A1-95AB-410B-93E7-3A26FBA456B8}
		{1DB0126A-ACCC-4858-8EF7-1E138917110F} = {AF1A49A1-95AB-410B-93E7-3A26FBA456B8}
		{F9CF2E87-0D13-4D7F-8FD3-A99C6EE62613} = {AF1A49A1-95AB-410B-93E7-3A26FBA456B8}
		{E40FA72D-0C89-4B9D-834D-A37DBE95645C} = {070BA16A-1752-4F98-AB5B-B158267F1D57}
		{06E1BCD5-28BD-43F1-A45E-6719090C5164} = {070BA16A-1752-4F98-AB5B-B158267F1D57}
		{3EB07161-4F91-4592-9361-65BC23594155} = {070BA16A-1752-4F98-AB5B-B158267F1D57}
		{4C38896E-ACB0-4AA7-B2E1-8D1F415BEEC0} = {070BA16A-1752-4F98-AB5B-B158267F1D57}
		{61F48141-8BBE-49D7-9CC7-ED1B8ABC770C} = {070BA16A-1752-4F98-AB5B-B158267F1D57}
		{7C9D45FE-2014-4C07-AF38-31E9694B107D} = {57726155-E2C2-4709-BF46-8E19A56CDE85}
		{CA59EE1B-8BFD-41F0-A3E4-7208C8DE6BE0} = {57726155-E2C2-4709-BF46-8E19A56CDE85}
		{917006B1-53E8-4906-8A50-601BE674FD9F} = {57726155-E2C2-4709-BF46-8E19A56CDE85}
		{9660623E-91B4-470C-B09E-21D838A0CF31} = {57726155-E2C2-4709-BF46-8E19A56CDE85}
		{678CC758-C47F-4968-BDAD-35690926CF8B} = {57726155-E2C2-4709-BF46-8E19A56CDE85}
		{9600E7E9-7BA9-4C69-AE81-1FCE13F3CC06} = {57726155-E2C2-4709-BF46-8E19A56CDE85}
		{E16C6BBE-7872-40D7-ADFD-353550506FFB} = {33B05EF8-2BA6-4936-BAD6-FB92FC243724}
	EndGlobalSection
EndGlobal
